// !$*UTF8*$!
{
	archiveVersion = 1;
	classes = {
	};
	objectVersion = 56;
	objects = {

/* Begin PBXBuildFile section */
		9307A6C228C6D97C00A82810 /* scantest2_iosApp.swift in Sources */ = {isa = PBXBuildFile; fileRef = 9307A6C128C6D97C00A82810 /* scantest2_iosApp.swift */; };
		9307A6C428C6D97C00A82810 /* ContentView.swift in Sources */ = {isa = PBXBuildFile; fileRef = 9307A6C328C6D97C00A82810 /* ContentView.swift */; };
		9307A6C628C6D97D00A82810 /* Assets.xcassets in Resources */ = {isa = PBXBuildFile; fileRef = 9307A6C528C6D97D00A82810 /* Assets.xcassets */; };
		9307A6C928C6D97D00A82810 /* Preview Assets.xcassets in Resources */ = {isa = PBXBuildFile; fileRef = 9307A6C828C6D97D00A82810 /* Preview Assets.xcassets */; };
		9307A6D128C6DAD700A82810 /* CameraView.swift in Sources */ = {isa = PBXBuildFile; fileRef = 9307A6D028C6DAD700A82810 /* CameraView.swift */; };
		9307A6D628C6DB1000A82810 /* Picker.swift in Sources */ = {isa = PBXBuildFile; fileRef = 9307A6D528C6DB1000A82810 /* Picker.swift */; };
		9307A6D928C6DB3300A82810 /* ImagePicker.swift in Sources */ = {isa = PBXBuildFile; fileRef = 9307A6D828C6DB3300A82810 /* ImagePicker.swift */; };
		9307A6DC28C6DB5600A82810 /* ViewModel.swift in Sources */ = {isa = PBXBuildFile; fileRef = 9307A6DB28C6DB5600A82810 /* ViewModel.swift */; };
		9307A6DE28C6DFF800A82810 /* GoogleService-Info.plist in Resources */ = {isa = PBXBuildFile; fileRef = 9307A6DD28C6DFF800A82810 /* GoogleService-Info.plist */; };
		9307A6E128C6E09200A82810 /* FirebaseStorage in Frameworks */ = {isa = PBXBuildFile; productRef = 9307A6E028C6E09200A82810 /* FirebaseStorage */; };
		9307A6E428C6E48100A82810 /* StorageManager.swift in Sources */ = {isa = PBXBuildFile; fileRef = 9307A6E328C6E48100A82810 /* StorageManager.swift */; };
		9307A6E728C7030800A82810 /* WebView.swift in Sources */ = {isa = PBXBuildFile; fileRef = 9307A6E628C7030800A82810 /* WebView.swift */; };
		9307A6E928C7035F00A82810 /* WebViewModel.swift in Sources */ = {isa = PBXBuildFile; fileRef = 9307A6E828C7035F00A82810 /* WebViewModel.swift */; };
		9307A6EB28C7134F00A82810 /* ResultView.swift in Sources */ = {isa = PBXBuildFile; fileRef = 9307A6EA28C7134F00A82810 /* ResultView.swift */; };
/* End PBXBuildFile section */

/* Begin PBXFileReference section */
		9307A6BE28C6D97C00A82810 /* scantest2-ios.app */ = {isa = PBXFileReference; explicitFileType = wrapper.application; includeInIndex = 0; path = "scantest2-ios.app"; sourceTree = BUILT_PRODUCTS_DIR; };
		9307A6C128C6D97C00A82810 /* scantest2_iosApp.swift */ = {isa = PBXFileReference; lastKnownFileType = sourcecode.swift; path = scantest2_iosApp.swift; sourceTree = "<group>"; };
		9307A6C328C6D97C00A82810 /* ContentView.swift */ = {isa = PBXFileReference; lastKnownFileType = sourcecode.swift; path = ContentView.swift; sourceTree = "<group>"; };
		9307A6C528C6D97D00A82810 /* Assets.xcassets */ = {isa = PBXFileReference; lastKnownFileType = folder.assetcatalog; path = Assets.xcassets; sourceTree = "<group>"; };
		9307A6C828C6D97D00A82810 /* Preview Assets.xcassets */ = {isa = PBXFileReference; lastKnownFileType = folder.assetcatalog; path = "Preview Assets.xcassets"; sourceTree = "<group>"; };
		9307A6D028C6DAD700A82810 /* CameraView.swift */ = {isa = PBXFileReference; lastKnownFileType = sourcecode.swift; path = CameraView.swift; sourceTree = "<group>"; };
		9307A6D528C6DB1000A82810 /* Picker.swift */ = {isa = PBXFileReference; lastKnownFileType = sourcecode.swift; path = Picker.swift; sourceTree = "<group>"; };
		9307A6D828C6DB3300A82810 /* ImagePicker.swift */ = {isa = PBXFileReference; lastKnownFileType = sourcecode.swift; path = ImagePicker.swift; sourceTree = "<group>"; };
		9307A6DB28C6DB5600A82810 /* ViewModel.swift */ = {isa = PBXFileReference; lastKnownFileType = sourcecode.swift; path = ViewModel.swift; sourceTree = "<group>"; };
		9307A6DD28C6DFF800A82810 /* GoogleService-Info.plist */ = {isa = PBXFileReference; fileEncoding = 4; lastKnownFileType = text.plist.xml; path = "GoogleService-Info.plist"; sourceTree = "<group>"; };
		9307A6E328C6E48100A82810 /* StorageManager.swift */ = {isa = PBXFileReference; lastKnownFileType = sourcecode.swift; path = StorageManager.swift; sourceTree = "<group>"; };
		9307A6E628C7030800A82810 /* WebView.swift */ = {isa = PBXFileReference; lastKnownFileType = sourcecode.swift; path = WebView.swift; sourceTree = "<group>"; };
		9307A6E828C7035F00A82810 /* WebViewModel.swift */ = {isa = PBXFileReference; lastKnownFileType = sourcecode.swift; path = WebViewModel.swift; sourceTree = "<group>"; };
		9307A6EA28C7134F00A82810 /* ResultView.swift */ = {isa = PBXFileReference; lastKnownFileType = sourcecode.swift; path = ResultView.swift; sourceTree = "<group>"; };
/* End PBXFileReference section */

/* Begin PBXFrameworksBuildPhase section */
		9307A6BB28C6D97C00A82810 /* Frameworks */ = {
			isa = PBXFrameworksBuildPhase;
			buildActionMask = 2147483647;
			files = (
				9307A6E128C6E09200A82810 /* FirebaseStorage in Frameworks */,
			);
			runOnlyForDeploymentPostprocessing = 0;
		};
/* End PBXFrameworksBuildPhase section */

/* Begin PBXGroup section */
		9307A6B528C6D97C00A82810 = {
			isa = PBXGroup;
			children = (
				9307A6C028C6D97C00A82810 /* scantest2-ios */,
				9307A6BF28C6D97C00A82810 /* Products */,
			);
			sourceTree = "<group>";
		};
		9307A6BF28C6D97C00A82810 /* Products */ = {
			isa = PBXGroup;
			children = (
				9307A6BE28C6D97C00A82810 /* scantest2-ios.app */,
			);
			name = Products;
			sourceTree = "<group>";
		};
		9307A6C028C6D97C00A82810 /* scantest2-ios */ = {
			isa = PBXGroup;
			children = (
				9307A6E528C702F600A82810 /* WebView */,
				9307A6E228C6E46B00A82810 /* Storage */,
				9307A6DD28C6DFF800A82810 /* GoogleService-Info.plist */,
				9307A6DA28C6DB4200A82810 /* ViewModels */,
				9307A6D728C6DB2400A82810 /* UIViewReprentables */,
				9307A6D428C6DB0100A82810 /* Models */,
				9307A6CF28C6DAA300A82810 /* Views */,
				9307A6C128C6D97C00A82810 /* scantest2_iosApp.swift */,
				9307A6C528C6D97D00A82810 /* Assets.xcassets */,
				9307A6C728C6D97D00A82810 /* Preview Content */,
			);
			path = "scantest2-ios";
			sourceTree = "<group>";
		};
		9307A6C728C6D97D00A82810 /* Preview Content */ = {
			isa = PBXGroup;
			children = (
				9307A6C828C6D97D00A82810 /* Preview Assets.xcassets */,
			);
			path = "Preview Content";
			sourceTree = "<group>";
		};
		9307A6CF28C6DAA300A82810 /* Views */ = {
			isa = PBXGroup;
			children = (
				9307A6C328C6D97C00A82810 /* ContentView.swift */,
				9307A6D028C6DAD700A82810 /* CameraView.swift */,
				9307A6EA28C7134F00A82810 /* ResultView.swift */,
			);
			path = Views;
			sourceTree = "<group>";
		};
		9307A6D428C6DB0100A82810 /* Models */ = {
			isa = PBXGroup;
			children = (
				9307A6D528C6DB1000A82810 /* Picker.swift */,
			);
			path = Models;
			sourceTree = "<group>";
		};
		9307A6D728C6DB2400A82810 /* UIViewReprentables */ = {
			isa = PBXGroup;
			children = (
				9307A6D828C6DB3300A82810 /* ImagePicker.swift */,
			);
			path = UIViewReprentables;
			sourceTree = "<group>";
		};
		9307A6DA28C6DB4200A82810 /* ViewModels */ = {
			isa = PBXGroup;
			children = (
				9307A6DB28C6DB5600A82810 /* ViewModel.swift */,
			);
			path = ViewModels;
			sourceTree = "<group>";
		};
		9307A6E228C6E46B00A82810 /* Storage */ = {
			isa = PBXGroup;
			children = (
				9307A6E328C6E48100A82810 /* StorageManager.swift */,
			);
			path = Storage;
			sourceTree = "<group>";
		};
		9307A6E528C702F600A82810 /* WebView */ = {
			isa = PBXGroup;
			children = (
				9307A6E628C7030800A82810 /* WebView.swift */,
				9307A6E828C7035F00A82810 /* WebViewModel.swift */,
			);
			path = WebView;
			sourceTree = "<group>";
		};
/* End PBXGroup section */

/* Begin PBXNativeTarget section */
		9307A6BD28C6D97C00A82810 /* scantest2-ios */ = {
			isa = PBXNativeTarget;
			buildConfigurationList = 9307A6CC28C6D97D00A82810 /* Build configuration list for PBXNativeTarget "scantest2-ios" */;
			buildPhases = (
				9307A6BA28C6D97C00A82810 /* Sources */,
				9307A6BB28C6D97C00A82810 /* Frameworks */,
				9307A6BC28C6D97C00A82810 /* Resources */,
			);
			buildRules = (
			);
			dependencies = (
			);
			name = "scantest2-ios";
			packageProductDependencies = (
				9307A6E028C6E09200A82810 /* FirebaseStorage */,
			);
			productName = "scantest2-ios";
			productReference = 9307A6BE28C6D97C00A82810 /* scantest2-ios.app */;
			productType = "com.apple.product-type.application";
		};
/* End PBXNativeTarget section */

/* Begin PBXProject section */
		9307A6B628C6D97C00A82810 /* Project object */ = {
			isa = PBXProject;
			attributes = {
				BuildIndependentTargetsInParallel = 1;
				LastSwiftUpdateCheck = 1400;
				LastUpgradeCheck = 1400;
				TargetAttributes = {
					9307A6BD28C6D97C00A82810 = {
						CreatedOnToolsVersion = 14.0;
					};
				};
			};
			buildConfigurationList = 9307A6B928C6D97C00A82810 /* Build configuration list for PBXProject "scantest2-ios" */;
			compatibilityVersion = "Xcode 14.0";
			developmentRegion = en;
			hasScannedForEncodings = 0;
			knownRegions = (
				en,
				Base,
			);
			mainGroup = 9307A6B528C6D97C00A82810;
			packageReferences = (
				9307A6DF28C6E09200A82810 /* XCRemoteSwiftPackageReference "firebase-ios-sdk" */,
			);
			productRefGroup = 9307A6BF28C6D97C00A82810 /* Products */;
			projectDirPath = "";
			projectRoot = "";
			targets = (
				9307A6BD28C6D97C00A82810 /* scantest2-ios */,
			);
		};
/* End PBXProject section */

/* Begin PBXResourcesBuildPhase section */
		9307A6BC28C6D97C00A82810 /* Resources */ = {
			isa = PBXResourcesBuildPhase;
			buildActionMask = 2147483647;
			files = (
				9307A6C928C6D97D00A82810 /* Preview Assets.xcassets in Resources */,
				9307A6C628C6D97D00A82810 /* Assets.xcassets in Resources */,
				9307A6DE28C6DFF800A82810 /* GoogleService-Info.plist in Resources */,
			);
			runOnlyForDeploymentPostprocessing = 0;
		};
/* End PBXResourcesBuildPhase section */

/* Begin PBXSourcesBuildPhase section */
		9307A6BA28C6D97C00A82810 /* Sources */ = {
			isa = PBXSourcesBuildPhase;
			buildActionMask = 2147483647;
			files = (
				9307A6D128C6DAD700A82810 /* CameraView.swift in Sources */,
				9307A6E928C7035F00A82810 /* WebViewModel.swift in Sources */,
				9307A6E728C7030800A82810 /* WebView.swift in Sources */,
				9307A6D628C6DB1000A82810 /* Picker.swift in Sources */,
				9307A6D928C6DB3300A82810 /* ImagePicker.swift in Sources */,
				9307A6E428C6E48100A82810 /* StorageManager.swift in Sources */,
				9307A6C428C6D97C00A82810 /* ContentView.swift in Sources */,
				9307A6EB28C7134F00A82810 /* ResultView.swift in Sources */,
				9307A6DC28C6DB5600A82810 /* ViewModel.swift in Sources */,
				9307A6C228C6D97C00A82810 /* scantest2_iosApp.swift in Sources */,
			);
			runOnlyForDeploymentPostprocessing = 0;
		};
/* End PBXSourcesBuildPhase section */

/* Begin XCBuildConfiguration section */
		9307A6CA28C6D97D00A82810 /* Debug */ = {
			isa = XCBuildConfiguration;
			buildSettings = {
				ALWAYS_SEARCH_USER_PATHS = NO;
				CLANG_ANALYZER_NONNULL = YES;
				CLANG_ANALYZER_NUMBER_OBJECT_CONVERSION = YES_AGGRESSIVE;
				CLANG_CXX_LANGUAGE_STANDARD = "gnu++20";
				CLANG_ENABLE_MODULES = YES;
				CLANG_ENABLE_OBJC_ARC = YES;
				CLANG_ENABLE_OBJC_WEAK = YES;
				CLANG_WARN_BLOCK_CAPTURE_AUTORELEASING = YES;
				CLANG_WARN_BOOL_CONVERSION = YES;
				CLANG_WARN_COMMA = YES;
				CLANG_WARN_CONSTANT_CONVERSION = YES;
				CLANG_WARN_DEPRECATED_OBJC_IMPLEMENTATIONS = YES;
				CLANG_WARN_DIRECT_OBJC_ISA_USAGE = YES_ERROR;
				CLANG_WARN_DOCUMENTATION_COMMENTS = YES;
				CLANG_WARN_EMPTY_BODY = YES;
				CLANG_WARN_ENUM_CONVERSION = YES;
				CLANG_WARN_INFINITE_RECURSION = YES;
				CLANG_WARN_INT_CONVERSION = YES;
				CLANG_WARN_NON_LITERAL_NULL_CONVERSION = YES;
				CLANG_WARN_OBJC_IMPLICIT_RETAIN_SELF = YES;
				CLANG_WARN_OBJC_LITERAL_CONVERSION = YES;
				CLANG_WARN_OBJC_ROOT_CLASS = YES_ERROR;
				CLANG_WARN_QUOTED_INCLUDE_IN_FRAMEWORK_HEADER = YES;
				CLANG_WARN_RANGE_LOOP_ANALYSIS = YES;
				CLANG_WARN_STRICT_PROTOTYPES = YES;
				CLANG_WARN_SUSPICIOUS_MOVE = YES;
				CLANG_WARN_UNGUARDED_AVAILABILITY = YES_AGGRESSIVE;
				CLANG_WARN_UNREACHABLE_CODE = YES;
				CLANG_WARN__DUPLICATE_METHOD_MATCH = YES;
				COPY_PHASE_STRIP = NO;
				DEBUG_INFORMATION_FORMAT = dwarf;
				ENABLE_STRICT_OBJC_MSGSEND = YES;
				ENABLE_TESTABILITY = YES;
				GCC_C_LANGUAGE_STANDARD = gnu11;
				GCC_DYNAMIC_NO_PIC = NO;
				GCC_NO_COMMON_BLOCKS = YES;
				GCC_OPTIMIZATION_LEVEL = 0;
				GCC_PREPROCESSOR_DEFINITIONS = (
					"DEBUG=1",
					"$(inherited)",
				);
				GCC_WARN_64_TO_32_BIT_CONVERSION = YES;
				GCC_WARN_ABOUT_RETURN_TYPE = YES_ERROR;
				GCC_WARN_UNDECLARED_SELECTOR = YES;
				GCC_WARN_UNINITIALIZED_AUTOS = YES_AGGRESSIVE;
				GCC_WARN_UNUSED_FUNCTION = YES;
				GCC_WARN_UNUSED_VARIABLE = YES;
				IPHONEOS_DEPLOYMENT_TARGET = 16.0;
				MTL_ENABLE_DEBUG_INFO = INCLUDE_SOURCE;
				MTL_FAST_MATH = YES;
				ONLY_ACTIVE_ARCH = YES;
				SDKROOT = iphoneos;
				SWIFT_ACTIVE_COMPILATION_CONDITIONS = DEBUG;
				SWIFT_OPTIMIZATION_LEVEL = "-Onone";
			};
			name = Debug;
		};
		9307A6CB28C6D97D00A82810 /* Release */ = {
			isa = XCBuildConfiguration;
			buildSettings = {
				ALWAYS_SEARCH_USER_PATHS = NO;
				CLANG_ANALYZER_NONNULL = YES;
				CLANG_ANALYZER_NUMBER_OBJECT_CONVERSION = YES_AGGRESSIVE;
				CLANG_CXX_LANGUAGE_STANDARD = "gnu++20";
				CLANG_ENABLE_MODULES = YES;
				CLANG_ENABLE_OBJC_ARC = YES;
				CLANG_ENABLE_OBJC_WEAK = YES;
				CLANG_WARN_BLOCK_CAPTURE_AUTORELEASING = YES;
				CLANG_WARN_BOOL_CONVERSION = YES;
				CLANG_WARN_COMMA = YES;
				CLANG_WARN_CONSTANT_CONVERSION = YES;
				CLANG_WARN_DEPRECATED_OBJC_IMPLEMENTATIONS = YES;
				CLANG_WARN_DIRECT_OBJC_ISA_USAGE = YES_ERROR;
				CLANG_WARN_DOCUMENTATION_COMMENTS = YES;
				CLANG_WARN_EMPTY_BODY = YES;
				CLANG_WARN_ENUM_CONVERSION = YES;
				CLANG_WARN_INFINITE_RECURSION = YES;
				CLANG_WARN_INT_CONVERSION = YES;
				CLANG_WARN_NON_LITERAL_NULL_CONVERSION = YES;
				CLANG_WARN_OBJC_IMPLICIT_RETAIN_SELF = YES;
				CLANG_WARN_OBJC_LITERAL_CONVERSION = YES;
				CLANG_WARN_OBJC_ROOT_CLASS = YES_ERROR;
				CLANG_WARN_QUOTED_INCLUDE_IN_FRAMEWORK_HEADER = YES;
				CLANG_WARN_RANGE_LOOP_ANALYSIS = YES;
				CLANG_WARN_STRICT_PROTOTYPES = YES;
				CLANG_WARN_SUSPICIOUS_MOVE = YES;
				CLANG_WARN_UNGUARDED_AVAILABILITY = YES_AGGRESSIVE;
				CLANG_WARN_UNREACHABLE_CODE = YES;
				CLANG_WARN__DUPLICATE_METHOD_MATCH = YES;
				COPY_PHASE_STRIP = NO;
				DEBUG_INFORMATION_FORMAT = "dwarf-with-dsym";
				ENABLE_NS_ASSERTIONS = NO;
				ENABLE_STRICT_OBJC_MSGSEND = YES;
				GCC_C_LANGUAGE_STANDARD = gnu11;
				GCC_NO_COMMON_BLOCKS = YES;
				GCC_WARN_64_TO_32_BIT_CONVERSION = YES;
				GCC_WARN_ABOUT_RETURN_TYPE = YES_ERROR;
				GCC_WARN_UNDECLARED_SELECTOR = YES;
				GCC_WARN_UNINITIALIZED_AUTOS = YES_AGGRESSIVE;
				GCC_WARN_UNUSED_FUNCTION = YES;
				GCC_WARN_UNUSED_VARIABLE = YES;
				IPHONEOS_DEPLOYMENT_TARGET = 16.0;
				MTL_ENABLE_DEBUG_INFO = NO;
				MTL_FAST_MATH = YES;
				SDKROOT = iphoneos;
				SWIFT_COMPILATION_MODE = wholemodule;
				SWIFT_OPTIMIZATION_LEVEL = "-O";
				VALIDATE_PRODUCT = YES;
			};
			name = Release;
		};
		9307A6CD28C6D97D00A82810 /* Debug */ = {
			isa = XCBuildConfiguration;
			buildSettings = {
				ASSETCATALOG_COMPILER_APPICON_NAME = AppIcon;
				ASSETCATALOG_COMPILER_GLOBAL_ACCENT_COLOR_NAME = AccentColor;
				CODE_SIGN_STYLE = Automatic;
				CURRENT_PROJECT_VERSION = 1;
				DEVELOPMENT_ASSET_PATHS = "\"scantest2-ios/Preview Content\"";
				DEVELOPMENT_TEAM = UYGG4AXKH5;
				ENABLE_PREVIEWS = YES;
				GENERATE_INFOPLIST_FILE = YES;
				INFOPLIST_KEY_NSCameraUsageDescription = "Would like to use the camera to take photos";
				INFOPLIST_KEY_UIApplicationSceneManifest_Generation = YES;
				INFOPLIST_KEY_UIApplicationSupportsIndirectInputEvents = YES;
				INFOPLIST_KEY_UILaunchScreen_Generation = YES;
				INFOPLIST_KEY_UISupportedInterfaceOrientations_iPad = "UIInterfaceOrientationPortrait UIInterfaceOrientationPortraitUpsideDown UIInterfaceOrientationLandscapeLeft UIInterfaceOrientationLandscapeRight";
				INFOPLIST_KEY_UISupportedInterfaceOrientations_iPhone = "UIInterfaceOrientationPortrait UIInterfaceOrientationLandscapeLeft UIInterfaceOrientationLandscapeRight";
				IPHONEOS_DEPLOYMENT_TARGET = 15.0;
				LD_RUNPATH_SEARCH_PATHS = (
					"$(inherited)",
					"@executable_path/Frameworks",
				);
				MARKETING_VERSION = 1.0;
				PRODUCT_BUNDLE_IDENTIFIER = "break.scantest2-ios";
				PRODUCT_NAME = "$(TARGET_NAME)";
				SUPPORTED_PLATFORMS = "iphoneos iphonesimulator";
				SUPPORTS_MACCATALYST = NO;
				SUPPORTS_MAC_DESIGNED_FOR_IPHONE_IPAD = YES;
				SWIFT_EMIT_LOC_STRINGS = YES;
				SWIFT_VERSION = 5.0;
				TARGETED_DEVICE_FAMILY = 1;
			};
			name = Debug;
		};
		9307A6CE28C6D97D00A82810 /* Release */ = {
			isa = XCBuildConfiguration;
			buildSettings = {
				ASSETCATALOG_COMPILER_APPICON_NAME = AppIcon;
				ASSETCATALOG_COMPILER_GLOBAL_ACCENT_COLOR_NAME = AccentColor;
				CODE_SIGN_STYLE = Automatic;
				CURRENT_PROJECT_VERSION = 1;
				DEVELOPMENT_ASSET_PATHS = "\"scantest2-ios/Preview Content\"";
				DEVELOPMENT_TEAM = UYGG4AXKH5;
				ENABLE_PREVIEWS = YES;
				GENERATE_INFOPLIST_FILE = YES;
				INFOPLIST_KEY_NSCameraUsageDescription = "Would like to use the camera to take photos";
				INFOPLIST_KEY_UIApplicationSceneManifest_Generation = YES;
				INFOPLIST_KEY_UIApplicationSupportsIndirectInputEvents = YES;
				INFOPLIST_KEY_UILaunchScreen_Generation = YES;
				INFOPLIST_KEY_UISupportedInterfaceOrientations_iPad = "UIInterfaceOrientationPortrait UIInterfaceOrientationPortraitUpsideDown UIInterfaceOrientationLandscapeLeft UIInterfaceOrientationLandscapeRight";
				INFOPLIST_KEY_UISupportedInterfaceOrientations_iPhone = "UIInterfaceOrientationPortrait UIInterfaceOrientationLandscapeLeft UIInterfaceOrientationLandscapeRight";
				IPHONEOS_DEPLOYMENT_TARGET = 15.0;
				LD_RUNPATH_SEARCH_PATHS = (
					"$(inherited)",
					"@executable_path/Frameworks",
				);
				MARKETING_VERSION = 1.0;
				PRODUCT_BUNDLE_IDENTIFIER = "break.scantest2-ios";
				PRODUCT_NAME = "$(TARGET_NAME)";
				SUPPORTED_PLATFORMS = "iphoneos iphonesimulator";
				SUPPORTS_MACCATALYST = NO;
				SUPPORTS_MAC_DESIGNED_FOR_IPHONE_IPAD = YES;
				SWIFT_EMIT_LOC_STRINGS = YES;
				SWIFT_VERSION = 5.0;
				TARGETED_DEVICE_FAMILY = 1;
			};
			name = Release;
		};
/* End XCBuildConfiguration section */

/* Begin XCConfigurationList section */
		9307A6B928C6D97C00A82810 /* Build configuration list for PBXProject "scantest2-ios" */ = {
			isa = XCConfigurationList;
			buildConfigurations = (
				9307A6CA28C6D97D00A82810 /* Debug */,
				9307A6CB28C6D97D00A82810 /* Release */,
			);
			defaultConfigurationIsVisible = 0;
			defaultConfigurationName = Release;
		};
		9307A6CC28C6D97D00A82810 /* Build configuration list for PBXNativeTarget "scantest2-ios" */ = {
			isa = XCConfigurationList;
			buildConfigurations = (
				9307A6CD28C6D97D00A82810 /* Debug */,
				9307A6CE28C6D97D00A82810 /* Release */,
			);
			defaultConfigurationIsVisible = 0;
			defaultConfigurationName = Release;
		};
/* End XCConfigurationList section */

/* Begin XCRemoteSwiftPackageReference section */
		9307A6DF28C6E09200A82810 /* XCRemoteSwiftPackageReference "firebase-ios-sdk" */ = {
			isa = XCRemoteSwiftPackageReference;
			repositoryURL = "https://github.com/firebase/firebase-ios-sdk";
			requirement = {
				kind = upToNextMajorVersion;
				minimumVersion = 9.0.0;
			};
		};
/* End XCRemoteSwiftPackageReference section */

/* Begin XCSwiftPackageProductDependency section */
		9307A6E028C6E09200A82810 /* FirebaseStorage */ = {
			isa = XCSwiftPackageProductDependency;
			package = 9307A6DF28C6E09200A82810 /* XCRemoteSwiftPackageReference "firebase-ios-sdk" */;
			productName = FirebaseStorage;
		};
/* End XCSwiftPackageProductDependency section */
	};
	rootObject = 9307A6B628C6D97C00A82810 /* Project object */;
}
